// !$*UTF8*$!
{
	archiveVersion = 1;
	classes = {
	};
	objectVersion = 50;
	objects = {

/* Begin PBXBuildFile section */
		FB00627626C60C4900B24DAD /* mock.json in Resources */ = {isa = PBXBuildFile; fileRef = FB00627526C60C4900B24DAD /* mock.json */; };
		FB00627826C6571400B24DAD /* Grouped-Data-Provider.swift in Sources */ = {isa = PBXBuildFile; fileRef = FB00627726C6571400B24DAD /* Grouped-Data-Provider.swift */; };
		FB7EE91726C5E89500C919B8 /* AppDelegate.swift in Sources */ = {isa = PBXBuildFile; fileRef = FB7EE91626C5E89500C919B8 /* AppDelegate.swift */; };
		FB7EE91926C5E89500C919B8 /* SceneDelegate.swift in Sources */ = {isa = PBXBuildFile; fileRef = FB7EE91826C5E89500C919B8 /* SceneDelegate.swift */; };
		FB7EE91B26C5E89500C919B8 /* ContentView.swift in Sources */ = {isa = PBXBuildFile; fileRef = FB7EE91A26C5E89500C919B8 /* ContentView.swift */; };
		FB7EE91D26C5E89900C919B8 /* Assets.xcassets in Resources */ = {isa = PBXBuildFile; fileRef = FB7EE91C26C5E89900C919B8 /* Assets.xcassets */; };
		FB7EE92026C5E89900C919B8 /* Preview Assets.xcassets in Resources */ = {isa = PBXBuildFile; fileRef = FB7EE91F26C5E89900C919B8 /* Preview Assets.xcassets */; };
		FB7EE92326C5E89900C919B8 /* LaunchScreen.storyboard in Resources */ = {isa = PBXBuildFile; fileRef = FB7EE92126C5E89900C919B8 /* LaunchScreen.storyboard */; };
		FB7EE92E26C5E89900C919B8 /* Upcoming_Events___FacebookTests.swift in Sources */ = {isa = PBXBuildFile; fileRef = FB7EE92D26C5E89900C919B8 /* Upcoming_Events___FacebookTests.swift */; };
		FB7EE93926C5E89900C919B8 /* Upcoming_Events___FacebookUITests.swift in Sources */ = {isa = PBXBuildFile; fileRef = FB7EE93826C5E89900C919B8 /* Upcoming_Events___FacebookUITests.swift */; };
		FB7EE94B26C5E90300C919B8 /* JSON-Manager.swift in Sources */ = {isa = PBXBuildFile; fileRef = FB7EE94A26C5E90300C919B8 /* JSON-Manager.swift */; };
		FB7EE94E26C5E93D00C919B8 /* Upcoming-Events-View.swift in Sources */ = {isa = PBXBuildFile; fileRef = FB7EE94D26C5E93D00C919B8 /* Upcoming-Events-View.swift */; };
		FB7EE95226C5E97400C919B8 /* Event-Item-Model.swift in Sources */ = {isa = PBXBuildFile; fileRef = FB7EE95126C5E97400C919B8 /* Event-Item-Model.swift */; };
		FB7EE95426C5EA4200C919B8 /* Event-Data-Provider.swift in Sources */ = {isa = PBXBuildFile; fileRef = FB7EE95326C5EA4200C919B8 /* Event-Data-Provider.swift */; };
/* End PBXBuildFile section */

/* Begin PBXContainerItemProxy section */
		FB7EE92A26C5E89900C919B8 /* PBXContainerItemProxy */ = {
			isa = PBXContainerItemProxy;
			containerPortal = FB7EE90B26C5E89500C919B8 /* Project object */;
			proxyType = 1;
			remoteGlobalIDString = FB7EE91226C5E89500C919B8;
			remoteInfo = "Upcoming Events - Facebook";
		};
		FB7EE93526C5E89900C919B8 /* PBXContainerItemProxy */ = {
			isa = PBXContainerItemProxy;
			containerPortal = FB7EE90B26C5E89500C919B8 /* Project object */;
			proxyType = 1;
			remoteGlobalIDString = FB7EE91226C5E89500C919B8;
			remoteInfo = "Upcoming Events - Facebook";
		};
/* End PBXContainerItemProxy section */

/* Begin PBXFileReference section */
		FB00627526C60C4900B24DAD /* mock.json */ = {isa = PBXFileReference; fileEncoding = 4; lastKnownFileType = text.json; path = mock.json; sourceTree = "<group>"; };
		FB00627726C6571400B24DAD /* Grouped-Data-Provider.swift */ = {isa = PBXFileReference; lastKnownFileType = sourcecode.swift; path = "Grouped-Data-Provider.swift"; sourceTree = "<group>"; };
		FB7EE91326C5E89500C919B8 /* Upcoming Events - Facebook.app */ = {isa = PBXFileReference; explicitFileType = wrapper.application; includeInIndex = 0; path = "Upcoming Events - Facebook.app"; sourceTree = BUILT_PRODUCTS_DIR; };
		FB7EE91626C5E89500C919B8 /* AppDelegate.swift */ = {isa = PBXFileReference; lastKnownFileType = sourcecode.swift; path = AppDelegate.swift; sourceTree = "<group>"; };
		FB7EE91826C5E89500C919B8 /* SceneDelegate.swift */ = {isa = PBXFileReference; lastKnownFileType = sourcecode.swift; path = SceneDelegate.swift; sourceTree = "<group>"; };
		FB7EE91A26C5E89500C919B8 /* ContentView.swift */ = {isa = PBXFileReference; lastKnownFileType = sourcecode.swift; path = ContentView.swift; sourceTree = "<group>"; };
		FB7EE91C26C5E89900C919B8 /* Assets.xcassets */ = {isa = PBXFileReference; lastKnownFileType = folder.assetcatalog; path = Assets.xcassets; sourceTree = "<group>"; };
		FB7EE91F26C5E89900C919B8 /* Preview Assets.xcassets */ = {isa = PBXFileReference; lastKnownFileType = folder.assetcatalog; path = "Preview Assets.xcassets"; sourceTree = "<group>"; };
		FB7EE92226C5E89900C919B8 /* Base */ = {isa = PBXFileReference; lastKnownFileType = file.storyboard; name = Base; path = Base.lproj/LaunchScreen.storyboard; sourceTree = "<group>"; };
		FB7EE92426C5E89900C919B8 /* Info.plist */ = {isa = PBXFileReference; lastKnownFileType = text.plist.xml; path = Info.plist; sourceTree = "<group>"; };
		FB7EE92926C5E89900C919B8 /* Upcoming Events - FacebookTests.xctest */ = {isa = PBXFileReference; explicitFileType = wrapper.cfbundle; includeInIndex = 0; path = "Upcoming Events - FacebookTests.xctest"; sourceTree = BUILT_PRODUCTS_DIR; };
		FB7EE92D26C5E89900C919B8 /* Upcoming_Events___FacebookTests.swift */ = {isa = PBXFileReference; lastKnownFileType = sourcecode.swift; path = "Upcoming_Events___FacebookTests.swift"; sourceTree = "<group>"; };
		FB7EE92F26C5E89900C919B8 /* Info.plist */ = {isa = PBXFileReference; lastKnownFileType = text.plist.xml; path = Info.plist; sourceTree = "<group>"; };
		FB7EE93426C5E89900C919B8 /* Upcoming Events - FacebookUITests.xctest */ = {isa = PBXFileReference; explicitFileType = wrapper.cfbundle; includeInIndex = 0; path = "Upcoming Events - FacebookUITests.xctest"; sourceTree = BUILT_PRODUCTS_DIR; };
		FB7EE93826C5E89900C919B8 /* Upcoming_Events___FacebookUITests.swift */ = {isa = PBXFileReference; lastKnownFileType = sourcecode.swift; path = "Upcoming_Events___FacebookUITests.swift"; sourceTree = "<group>"; };
		FB7EE93A26C5E89900C919B8 /* Info.plist */ = {isa = PBXFileReference; lastKnownFileType = text.plist.xml; path = Info.plist; sourceTree = "<group>"; };
		FB7EE94A26C5E90300C919B8 /* JSON-Manager.swift */ = {isa = PBXFileReference; lastKnownFileType = sourcecode.swift; path = "JSON-Manager.swift"; sourceTree = "<group>"; };
		FB7EE94D26C5E93D00C919B8 /* Upcoming-Events-View.swift */ = {isa = PBXFileReference; lastKnownFileType = sourcecode.swift; path = "Upcoming-Events-View.swift"; sourceTree = "<group>"; };
		FB7EE95126C5E97400C919B8 /* Event-Item-Model.swift */ = {isa = PBXFileReference; lastKnownFileType = sourcecode.swift; path = "Event-Item-Model.swift"; sourceTree = "<group>"; };
		FB7EE95326C5EA4200C919B8 /* Event-Data-Provider.swift */ = {isa = PBXFileReference; lastKnownFileType = sourcecode.swift; path = "Event-Data-Provider.swift"; sourceTree = "<group>"; };
/* End PBXFileReference section */

/* Begin PBXFrameworksBuildPhase section */
		FB7EE91026C5E89500C919B8 /* Frameworks */ = {
			isa = PBXFrameworksBuildPhase;
			buildActionMask = 2147483647;
			files = (
			);
			runOnlyForDeploymentPostprocessing = 0;
		};
		FB7EE92626C5E89900C919B8 /* Frameworks */ = {
			isa = PBXFrameworksBuildPhase;
			buildActionMask = 2147483647;
			files = (
			);
			runOnlyForDeploymentPostprocessing = 0;
		};
		FB7EE93126C5E89900C919B8 /* Frameworks */ = {
			isa = PBXFrameworksBuildPhase;
			buildActionMask = 2147483647;
			files = (
			);
			runOnlyForDeploymentPostprocessing = 0;
		};
/* End PBXFrameworksBuildPhase section */

/* Begin PBXGroup section */
		FB7EE90A26C5E89500C919B8 = {
			isa = PBXGroup;
			children = (
				FB7EE91526C5E89500C919B8 /* Upcoming Events - Facebook */,
				FB7EE92C26C5E89900C919B8 /* Upcoming Events - FacebookTests */,
				FB7EE93726C5E89900C919B8 /* Upcoming Events - FacebookUITests */,
				FB7EE91426C5E89500C919B8 /* Products */,
			);
			sourceTree = "<group>";
		};
		FB7EE91426C5E89500C919B8 /* Products */ = {
			isa = PBXGroup;
			children = (
				FB7EE91326C5E89500C919B8 /* Upcoming Events - Facebook.app */,
				FB7EE92926C5E89900C919B8 /* Upcoming Events - FacebookTests.xctest */,
				FB7EE93426C5E89900C919B8 /* Upcoming Events - FacebookUITests.xctest */,
			);
			name = Products;
			sourceTree = "<group>";
		};
		FB7EE91526C5E89500C919B8 /* Upcoming Events - Facebook */ = {
			isa = PBXGroup;
			children = (
				FB7EE95026C5E95500C919B8 /* Models */,
				FB7EE94F26C5E94700C919B8 /* Controllers */,
				FB7EE94C26C5E91E00C919B8 /* Views */,
				FB7EE94726C5E8D900C919B8 /* Providers */,
				FB7EE94626C5E8B500C919B8 /* Resources */,
				FB7EE92126C5E89900C919B8 /* LaunchScreen.storyboard */,
				FB7EE92426C5E89900C919B8 /* Info.plist */,
				FB7EE91E26C5E89900C919B8 /* Preview Content */,
			);
			path = "Upcoming Events - Facebook";
			sourceTree = "<group>";
		};
		FB7EE91E26C5E89900C919B8 /* Preview Content */ = {
			isa = PBXGroup;
			children = (
				FB7EE91F26C5E89900C919B8 /* Preview Assets.xcassets */,
			);
			path = "Preview Content";
			sourceTree = "<group>";
		};
		FB7EE92C26C5E89900C919B8 /* Upcoming Events - FacebookTests */ = {
			isa = PBXGroup;
			children = (
				FB7EE92D26C5E89900C919B8 /* Upcoming_Events___FacebookTests.swift */,
				FB7EE92F26C5E89900C919B8 /* Info.plist */,
			);
			path = "Upcoming Events - FacebookTests";
			sourceTree = "<group>";
		};
		FB7EE93726C5E89900C919B8 /* Upcoming Events - FacebookUITests */ = {
			isa = PBXGroup;
			children = (
				FB7EE93826C5E89900C919B8 /* Upcoming_Events___FacebookUITests.swift */,
				FB7EE93A26C5E89900C919B8 /* Info.plist */,
			);
			path = "Upcoming Events - FacebookUITests";
			sourceTree = "<group>";
		};
		FB7EE94626C5E8B500C919B8 /* Resources */ = {
			isa = PBXGroup;
			children = (
				FB7EE94A26C5E90300C919B8 /* JSON-Manager.swift */,
				FB7EE91626C5E89500C919B8 /* AppDelegate.swift */,
				FB7EE91826C5E89500C919B8 /* SceneDelegate.swift */,
				FB7EE91C26C5E89900C919B8 /* Assets.xcassets */,
			);
			path = Resources;
			sourceTree = "<group>";
		};
		FB7EE94726C5E8D900C919B8 /* Providers */ = {
			isa = PBXGroup;
			children = (
				FB00627526C60C4900B24DAD /* mock.json */,
				FB7EE95326C5EA4200C919B8 /* Event-Data-Provider.swift */,
				FB00627726C6571400B24DAD /* Grouped-Data-Provider.swift */,
			);
			path = Providers;
			sourceTree = "<group>";
		};
		FB7EE94C26C5E91E00C919B8 /* Views */ = {
			isa = PBXGroup;
			children = (
				FB7EE94D26C5E93D00C919B8 /* Upcoming-Events-View.swift */,
			);
			path = Views;
			sourceTree = "<group>";
		};
		FB7EE94F26C5E94700C919B8 /* Controllers */ = {
			isa = PBXGroup;
			children = (
				FB7EE91A26C5E89500C919B8 /* ContentView.swift */,
			);
			path = Controllers;
			sourceTree = "<group>";
		};
		FB7EE95026C5E95500C919B8 /* Models */ = {
			isa = PBXGroup;
			children = (
				FB7EE95126C5E97400C919B8 /* Event-Item-Model.swift */,
			);
			path = Models;
			sourceTree = "<group>";
		};
/* End PBXGroup section */

/* Begin PBXNativeTarget section */
		FB7EE91226C5E89500C919B8 /* Upcoming Events - Facebook */ = {
			isa = PBXNativeTarget;
			buildConfigurationList = FB7EE93D26C5E89900C919B8 /* Build configuration list for PBXNativeTarget "Upcoming Events - Facebook" */;
			buildPhases = (
				FB7EE90F26C5E89500C919B8 /* Sources */,
				FB7EE91026C5E89500C919B8 /* Frameworks */,
				FB7EE91126C5E89500C919B8 /* Resources */,
			);
			buildRules = (
			);
			dependencies = (
			);
			name = "Upcoming Events - Facebook";
			productName = "Upcoming Events - Facebook";
			productReference = FB7EE91326C5E89500C919B8 /* Upcoming Events - Facebook.app */;
			productType = "com.apple.product-type.application";
		};
		FB7EE92826C5E89900C919B8 /* Upcoming Events - FacebookTests */ = {
			isa = PBXNativeTarget;
			buildConfigurationList = FB7EE94026C5E89900C919B8 /* Build configuration list for PBXNativeTarget "Upcoming Events - FacebookTests" */;
			buildPhases = (
				FB7EE92526C5E89900C919B8 /* Sources */,
				FB7EE92626C5E89900C919B8 /* Frameworks */,
				FB7EE92726C5E89900C919B8 /* Resources */,
			);
			buildRules = (
			);
			dependencies = (
				FB7EE92B26C5E89900C919B8 /* PBXTargetDependency */,
			);
			name = "Upcoming Events - FacebookTests";
			productName = "Upcoming Events - FacebookTests";
			productReference = FB7EE92926C5E89900C919B8 /* Upcoming Events - FacebookTests.xctest */;
			productType = "com.apple.product-type.bundle.unit-test";
		};
		FB7EE93326C5E89900C919B8 /* Upcoming Events - FacebookUITests */ = {
			isa = PBXNativeTarget;
			buildConfigurationList = FB7EE94326C5E89900C919B8 /* Build configuration list for PBXNativeTarget "Upcoming Events - FacebookUITests" */;
			buildPhases = (
				FB7EE93026C5E89900C919B8 /* Sources */,
				FB7EE93126C5E89900C919B8 /* Frameworks */,
				FB7EE93226C5E89900C919B8 /* Resources */,
			);
			buildRules = (
			);
			dependencies = (
				FB7EE93626C5E89900C919B8 /* PBXTargetDependency */,
			);
			name = "Upcoming Events - FacebookUITests";
			productName = "Upcoming Events - FacebookUITests";
			productReference = FB7EE93426C5E89900C919B8 /* Upcoming Events - FacebookUITests.xctest */;
			productType = "com.apple.product-type.bundle.ui-testing";
		};
/* End PBXNativeTarget section */

/* Begin PBXProject section */
		FB7EE90B26C5E89500C919B8 /* Project object */ = {
			isa = PBXProject;
			attributes = {
				LastSwiftUpdateCheck = 1250;
				LastUpgradeCheck = 1250;
				TargetAttributes = {
					FB7EE91226C5E89500C919B8 = {
						CreatedOnToolsVersion = 12.5.1;
					};
					FB7EE92826C5E89900C919B8 = {
						CreatedOnToolsVersion = 12.5.1;
						TestTargetID = FB7EE91226C5E89500C919B8;
					};
					FB7EE93326C5E89900C919B8 = {
						CreatedOnToolsVersion = 12.5.1;
						TestTargetID = FB7EE91226C5E89500C919B8;
					};
				};
			};
			buildConfigurationList = FB7EE90E26C5E89500C919B8 /* Build configuration list for PBXProject "Upcoming Events - Facebook" */;
			compatibilityVersion = "Xcode 9.3";
			developmentRegion = en;
			hasScannedForEncodings = 0;
			knownRegions = (
				en,
				Base,
			);
			mainGroup = FB7EE90A26C5E89500C919B8;
			productRefGroup = FB7EE91426C5E89500C919B8 /* Products */;
			projectDirPath = "";
			projectRoot = "";
			targets = (
				FB7EE91226C5E89500C919B8 /* Upcoming Events - Facebook */,
				FB7EE92826C5E89900C919B8 /* Upcoming Events - FacebookTests */,
				FB7EE93326C5E89900C919B8 /* Upcoming Events - FacebookUITests */,
			);
		};
/* End PBXProject section */

/* Begin PBXResourcesBuildPhase section */
		FB7EE91126C5E89500C919B8 /* Resources */ = {
			isa = PBXResourcesBuildPhase;
			buildActionMask = 2147483647;
			files = (
				FB7EE92326C5E89900C919B8 /* LaunchScreen.storyboard in Resources */,
				FB7EE92026C5E89900C919B8 /* Preview Assets.xcassets in Resources */,
				FB7EE91D26C5E89900C919B8 /* Assets.xcassets in Resources */,
				FB00627626C60C4900B24DAD /* mock.json in Resources */,
			);
			runOnlyForDeploymentPostprocessing = 0;
		};
		FB7EE92726C5E89900C919B8 /* Resources */ = {
			isa = PBXResourcesBuildPhase;
			buildActionMask = 2147483647;
			files = (
			);
			runOnlyForDeploymentPostprocessing = 0;
		};
		FB7EE93226C5E89900C919B8 /* Resources */ = {
			isa = PBXResourcesBuildPhase;
			buildActionMask = 2147483647;
			files = (
			);
			runOnlyForDeploymentPostprocessing = 0;
		};
/* End PBXResourcesBuildPhase section */

/* Begin PBXSourcesBuildPhase section */
		FB7EE90F26C5E89500C919B8 /* Sources */ = {
			isa = PBXSourcesBuildPhase;
			buildActionMask = 2147483647;
			files = (
				FB7EE91726C5E89500C919B8 /* AppDelegate.swift in Sources */,
				FB7EE91926C5E89500C919B8 /* SceneDelegate.swift in Sources */,
				FB7EE91B26C5E89500C919B8 /* ContentView.swift in Sources */,
				FB00627826C6571400B24DAD /* Grouped-Data-Provider.swift in Sources */,
				FB7EE95426C5EA4200C919B8 /* Event-Data-Provider.swift in Sources */,
				FB7EE95226C5E97400C919B8 /* Event-Item-Model.swift in Sources */,
				FB7EE94E26C5E93D00C919B8 /* Upcoming-Events-View.swift in Sources */,
				FB7EE94B26C5E90300C919B8 /* JSON-Manager.swift in Sources */,
			);
			runOnlyForDeploymentPostprocessing = 0;
		};
		FB7EE92526C5E89900C919B8 /* Sources */ = {
			isa = PBXSourcesBuildPhase;
			buildActionMask = 2147483647;
			files = (
				FB7EE92E26C5E89900C919B8 /* Upcoming_Events___FacebookTests.swift in Sources */,
			);
			runOnlyForDeploymentPostprocessing = 0;
		};
		FB7EE93026C5E89900C919B8 /* Sources */ = {
			isa = PBXSourcesBuildPhase;
			buildActionMask = 2147483647;
			files = (
				FB7EE93926C5E89900C919B8 /* Upcoming_Events___FacebookUITests.swift in Sources */,
			);
			runOnlyForDeploymentPostprocessing = 0;
		};
/* End PBXSourcesBuildPhase section */

/* Begin PBXTargetDependency section */
		FB7EE92B26C5E89900C919B8 /* PBXTargetDependency */ = {
			isa = PBXTargetDependency;
			target = FB7EE91226C5E89500C919B8 /* Upcoming Events - Facebook */;
			targetProxy = FB7EE92A26C5E89900C919B8 /* PBXContainerItemProxy */;
		};
		FB7EE93626C5E89900C919B8 /* PBXTargetDependency */ = {
			isa = PBXTargetDependency;
			target = FB7EE91226C5E89500C919B8 /* Upcoming Events - Facebook */;
			targetProxy = FB7EE93526C5E89900C919B8 /* PBXContainerItemProxy */;
		};
/* End PBXTargetDependency section */

/* Begin PBXVariantGroup section */
		FB7EE92126C5E89900C919B8 /* LaunchScreen.storyboard */ = {
			isa = PBXVariantGroup;
			children = (
				FB7EE92226C5E89900C919B8 /* Base */,
			);
			name = LaunchScreen.storyboard;
			sourceTree = "<group>";
		};
/* End PBXVariantGroup section */

/* Begin XCBuildConfiguration section */
		FB7EE93B26C5E89900C919B8 /* Debug */ = {
			isa = XCBuildConfiguration;
			buildSettings = {
				ALWAYS_SEARCH_USER_PATHS = NO;
				CLANG_ANALYZER_NONNULL = YES;
				CLANG_ANALYZER_NUMBER_OBJECT_CONVERSION = YES_AGGRESSIVE;
				CLANG_CXX_LANGUAGE_STANDARD = "gnu++14";
				CLANG_CXX_LIBRARY = "libc++";
				CLANG_ENABLE_MODULES = YES;
				CLANG_ENABLE_OBJC_ARC = YES;
				CLANG_ENABLE_OBJC_WEAK = YES;
				CLANG_WARN_BLOCK_CAPTURE_AUTORELEASING = YES;
				CLANG_WARN_BOOL_CONVERSION = YES;
				CLANG_WARN_COMMA = YES;
				CLANG_WARN_CONSTANT_CONVERSION = YES;
				CLANG_WARN_DEPRECATED_OBJC_IMPLEMENTATIONS = YES;
				CLANG_WARN_DIRECT_OBJC_ISA_USAGE = YES_ERROR;
				CLANG_WARN_DOCUMENTATION_COMMENTS = YES;
				CLANG_WARN_EMPTY_BODY = YES;
				CLANG_WARN_ENUM_CONVERSION = YES;
				CLANG_WARN_INFINITE_RECURSION = YES;
				CLANG_WARN_INT_CONVERSION = YES;
				CLANG_WARN_NON_LITERAL_NULL_CONVERSION = YES;
				CLANG_WARN_OBJC_IMPLICIT_RETAIN_SELF = YES;
				CLANG_WARN_OBJC_LITERAL_CONVERSION = YES;
				CLANG_WARN_OBJC_ROOT_CLASS = YES_ERROR;
				CLANG_WARN_QUOTED_INCLUDE_IN_FRAMEWORK_HEADER = YES;
				CLANG_WARN_RANGE_LOOP_ANALYSIS = YES;
				CLANG_WARN_STRICT_PROTOTYPES = YES;
				CLANG_WARN_SUSPICIOUS_MOVE = YES;
				CLANG_WARN_UNGUARDED_AVAILABILITY = YES_AGGRESSIVE;
				CLANG_WARN_UNREACHABLE_CODE = YES;
				CLANG_WARN__DUPLICATE_METHOD_MATCH = YES;
				COPY_PHASE_STRIP = NO;
				DEBUG_INFORMATION_FORMAT = dwarf;
				ENABLE_STRICT_OBJC_MSGSEND = YES;
				ENABLE_TESTABILITY = YES;
				GCC_C_LANGUAGE_STANDARD = gnu11;
				GCC_DYNAMIC_NO_PIC = NO;
				GCC_NO_COMMON_BLOCKS = YES;
				GCC_OPTIMIZATION_LEVEL = 0;
				GCC_PREPROCESSOR_DEFINITIONS = (
					"DEBUG=1",
					"$(inherited)",
				);
				GCC_WARN_64_TO_32_BIT_CONVERSION = YES;
				GCC_WARN_ABOUT_RETURN_TYPE = YES_ERROR;
				GCC_WARN_UNDECLARED_SELECTOR = YES;
				GCC_WARN_UNINITIALIZED_AUTOS = YES_AGGRESSIVE;
				GCC_WARN_UNUSED_FUNCTION = YES;
				GCC_WARN_UNUSED_VARIABLE = YES;
				IPHONEOS_DEPLOYMENT_TARGET = 14.1;
				MTL_ENABLE_DEBUG_INFO = INCLUDE_SOURCE;
				MTL_FAST_MATH = YES;
				ONLY_ACTIVE_ARCH = YES;
				SDKROOT = iphoneos;
				SWIFT_ACTIVE_COMPILATION_CONDITIONS = DEBUG;
				SWIFT_OPTIMIZATION_LEVEL = "-Onone";
			};
			name = Debug;
		};
		FB7EE93C26C5E89900C919B8 /* Release */ = {
			isa = XCBuildConfiguration;
			buildSettings = {
				ALWAYS_SEARCH_USER_PATHS = NO;
				CLANG_ANALYZER_NONNULL = YES;
				CLANG_ANALYZER_NUMBER_OBJECT_CONVERSION = YES_AGGRESSIVE;
				CLANG_CXX_LANGUAGE_STANDARD = "gnu++14";
				CLANG_CXX_LIBRARY = "libc++";
				CLANG_ENABLE_MODULES = YES;
				CLANG_ENABLE_OBJC_ARC = YES;
				CLANG_ENABLE_OBJC_WEAK = YES;
				CLANG_WARN_BLOCK_CAPTURE_AUTORELEASING = YES;
				CLANG_WARN_BOOL_CONVERSION = YES;
				CLANG_WARN_COMMA = YES;
				CLANG_WARN_CONSTANT_CONVERSION = YES;
				CLANG_WARN_DEPRECATED_OBJC_IMPLEMENTATIONS = YES;
				CLANG_WARN_DIRECT_OBJC_ISA_USAGE = YES_ERROR;
				CLANG_WARN_DOCUMENTATION_COMMENTS = YES;
				CLANG_WARN_EMPTY_BODY = YES;
				CLANG_WARN_ENUM_CONVERSION = YES;
				CLANG_WARN_INFINITE_RECURSION = YES;
				CLANG_WARN_INT_CONVERSION = YES;
				CLANG_WARN_NON_LITERAL_NULL_CONVERSION = YES;
				CLANG_WARN_OBJC_IMPLICIT_RETAIN_SELF = YES;
				CLANG_WARN_OBJC_LITERAL_CONVERSION = YES;
				CLANG_WARN_OBJC_ROOT_CLASS = YES_ERROR;
				CLANG_WARN_QUOTED_INCLUDE_IN_FRAMEWORK_HEADER = YES;
				CLANG_WARN_RANGE_LOOP_ANALYSIS = YES;
				CLANG_WARN_STRICT_PROTOTYPES = YES;
				CLANG_WARN_SUSPICIOUS_MOVE = YES;
				CLANG_WARN_UNGUARDED_AVAILABILITY = YES_AGGRESSIVE;
				CLANG_WARN_UNREACHABLE_CODE = YES;
				CLANG_WARN__DUPLICATE_METHOD_MATCH = YES;
				COPY_PHASE_STRIP = NO;
				DEBUG_INFORMATION_FORMAT = "dwarf-with-dsym";
				ENABLE_NS_ASSERTIONS = NO;
				ENABLE_STRICT_OBJC_MSGSEND = YES;
				GCC_C_LANGUAGE_STANDARD = gnu11;
				GCC_NO_COMMON_BLOCKS = YES;
				GCC_WARN_64_TO_32_BIT_CONVERSION = YES;
				GCC_WARN_ABOUT_RETURN_TYPE = YES_ERROR;
				GCC_WARN_UNDECLARED_SELECTOR = YES;
				GCC_WARN_UNINITIALIZED_AUTOS = YES_AGGRESSIVE;
				GCC_WARN_UNUSED_FUNCTION = YES;
				GCC_WARN_UNUSED_VARIABLE = YES;
				IPHONEOS_DEPLOYMENT_TARGET = 14.1;
				MTL_ENABLE_DEBUG_INFO = NO;
				MTL_FAST_MATH = YES;
				SDKROOT = iphoneos;
				SWIFT_COMPILATION_MODE = wholemodule;
				SWIFT_OPTIMIZATION_LEVEL = "-O";
				VALIDATE_PRODUCT = YES;
			};
			name = Release;
		};
		FB7EE93E26C5E89900C919B8 /* Debug */ = {
			isa = XCBuildConfiguration;
			buildSettings = {
				ASSETCATALOG_COMPILER_APPICON_NAME = AppIcon;
				ASSETCATALOG_COMPILER_GLOBAL_ACCENT_COLOR_NAME = AccentColor;
				CODE_SIGN_STYLE = Automatic;
				DEVELOPMENT_ASSET_PATHS = "\"Upcoming Events - Facebook/Preview Content\"";
				DEVELOPMENT_TEAM = S3HV3V77JS;
				ENABLE_PREVIEWS = YES;
				INFOPLIST_FILE = "Upcoming Events - Facebook/Info.plist";
				LD_RUNPATH_SEARCH_PATHS = (
					"$(inherited)",
					"@executable_path/Frameworks",
				);
				PRODUCT_BUNDLE_IDENTIFIER = "com.bGenius.Upcoming-Events---Facebook";
				PRODUCT_NAME = "$(TARGET_NAME)";
				SWIFT_VERSION = 5.0;
				TARGETED_DEVICE_FAMILY = "1,2";
			};
			name = Debug;
		};
		FB7EE93F26C5E89900C919B8 /* Release */ = {
			isa = XCBuildConfiguration;
			buildSettings = {
				ASSETCATALOG_COMPILER_APPICON_NAME = AppIcon;
				ASSETCATALOG_COMPILER_GLOBAL_ACCENT_COLOR_NAME = AccentColor;
				CODE_SIGN_STYLE = Automatic;
				DEVELOPMENT_ASSET_PATHS = "\"Upcoming Events - Facebook/Preview Content\"";
				DEVELOPMENT_TEAM = S3HV3V77JS;
				ENABLE_PREVIEWS = YES;
				INFOPLIST_FILE = "Upcoming Events - Facebook/Info.plist";
				LD_RUNPATH_SEARCH_PATHS = (
					"$(inherited)",
					"@executable_path/Frameworks",
				);
				PRODUCT_BUNDLE_IDENTIFIER = "com.bGenius.Upcoming-Events---Facebook";
				PRODUCT_NAME = "$(TARGET_NAME)";
				SWIFT_VERSION = 5.0;
				TARGETED_DEVICE_FAMILY = "1,2";
			};
			name = Release;
		};
		FB7EE94126C5E89900C919B8 /* Debug */ = {
			isa = XCBuildConfiguration;
			buildSettings = {
				ALWAYS_EMBED_SWIFT_STANDARD_LIBRARIES = YES;
				BUNDLE_LOADER = "$(TEST_HOST)";
				CODE_SIGN_STYLE = Automatic;
				DEVELOPMENT_TEAM = S3HV3V77JS;
				INFOPLIST_FILE = "Upcoming Events - FacebookTests/Info.plist";
				IPHONEOS_DEPLOYMENT_TARGET = 14.5;
				LD_RUNPATH_SEARCH_PATHS = (
					"$(inherited)",
					"@executable_path/Frameworks",
					"@loader_path/Frameworks",
				);
				PRODUCT_BUNDLE_IDENTIFIER = "com.bGenius.Upcoming-Events---FacebookTests";
				PRODUCT_NAME = "$(TARGET_NAME)";
				SWIFT_VERSION = 5.0;
				TARGETED_DEVICE_FAMILY = "1,2";
				TEST_HOST = "$(BUILT_PRODUCTS_DIR)/Upcoming Events - Facebook.app/Upcoming Events - Facebook";
			};
			name = Debug;
		};
		FB7EE94226C5E89900C919B8 /* Release */ = {
			isa = XCBuildConfiguration;
			buildSettings = {
				ALWAYS_EMBED_SWIFT_STANDARD_LIBRARIES = YES;
				BUNDLE_LOADER = "$(TEST_HOST)";
				CODE_SIGN_STYLE = Automatic;
				DEVELOPMENT_TEAM = S3HV3V77JS;
				INFOPLIST_FILE = "Upcoming Events - FacebookTests/Info.plist";
				IPHONEOS_DEPLOYMENT_TARGET = 14.5;
				LD_RUNPATH_SEARCH_PATHS = (
					"$(inherited)",
					"@executable_path/Frameworks",
					"@loader_path/Frameworks",
				);
				PRODUCT_BUNDLE_IDENTIFIER = "com.bGenius.Upcoming-Events---FacebookTests";
				PRODUCT_NAME = "$(TARGET_NAME)";
				SWIFT_VERSION = 5.0;
				TARGETED_DEVICE_FAMILY = "1,2";
				TEST_HOST = "$(BUILT_PRODUCTS_DIR)/Upcoming Events - Facebook.app/Upcoming Events - Facebook";
			};
			name = Release;
		};
		FB7EE94426C5E89900C919B8 /* Debug */ = {
			isa = XCBuildConfiguration;
			buildSettings = {
				ALWAYS_EMBED_SWIFT_STANDARD_LIBRARIES = YES;
				CODE_SIGN_STYLE = Automatic;
				DEVELOPMENT_TEAM = S3HV3V77JS;
				INFOPLIST_FILE = "Upcoming Events - FacebookUITests/Info.plist";
				LD_RUNPATH_SEARCH_PATHS = (
					"$(inherited)",
					"@executable_path/Frameworks",
					"@loader_path/Frameworks",
				);
				PRODUCT_BUNDLE_IDENTIFIER = "com.bGenius.Upcoming-Events---FacebookUITests";
				PRODUCT_NAME = "$(TARGET_NAME)";
				SWIFT_VERSION = 5.0;
				TARGETED_DEVICE_FAMILY = "1,2";
				TEST_TARGET_NAME = "Upcoming Events - Facebook";
			};
			name = Debug;
		};
		FB7EE94526C5E89900C919B8 /* Release */ = {
			isa = XCBuildConfiguration;
			buildSettings = {
				ALWAYS_EMBED_SWIFT_STANDARD_LIBRARIES = YES;
				CODE_SIGN_STYLE = Automatic;
				DEVELOPMENT_TEAM = S3HV3V77JS;
				INFOPLIST_FILE = "Upcoming Events - FacebookUITests/Info.plist";
				LD_RUNPATH_SEARCH_PATHS = (
					"$(inherited)",
					"@executable_path/Frameworks",
					"@loader_path/Frameworks",
				);
				PRODUCT_BUNDLE_IDENTIFIER = "com.bGenius.Upcoming-Events---FacebookUITests";
				PRODUCT_NAME = "$(TARGET_NAME)";
				SWIFT_VERSION = 5.0;
				TARGETED_DEVICE_FAMILY = "1,2";
				TEST_TARGET_NAME = "Upcoming Events - Facebook";
			};
			name = Release;
		};
/* End XCBuildConfiguration section */

/* Begin XCConfigurationList section */
		FB7EE90E26C5E89500C919B8 /* Build configuration list for PBXProject "Upcoming Events - Facebook" */ = {
			isa = XCConfigurationList;
			buildConfigurations = (
				FB7EE93B26C5E89900C919B8 /* Debug */,
				FB7EE93C26C5E89900C919B8 /* Release */,
			);
			defaultConfigurationIsVisible = 0;
			defaultConfigurationName = Release;
		};
		FB7EE93D26C5E89900C919B8 /* Build configuration list for PBXNativeTarget "Upcoming Events - Facebook" */ = {
			isa = XCConfigurationList;
			buildConfigurations = (
				FB7EE93E26C5E89900C919B8 /* Debug */,
				FB7EE93F26C5E89900C919B8 /* Release */,
			);
			defaultConfigurationIsVisible = 0;
			defaultConfigurationName = Release;
		};
		FB7EE94026C5E89900C919B8 /* Build configuration list for PBXNativeTarget "Upcoming Events - FacebookTests" */ = {
			isa = XCConfigurationList;
			buildConfigurations = (
				FB7EE94126C5E89900C919B8 /* Debug */,
				FB7EE94226C5E89900C919B8 /* Release */,
			);
			defaultConfigurationIsVisible = 0;
			defaultConfigurationName = Release;
		};
		FB7EE94326C5E89900C919B8 /* Build configuration list for PBXNativeTarget "Upcoming Events - FacebookUITests" */ = {
			isa = XCConfigurationList;
			buildConfigurations = (
				FB7EE94426C5E89900C919B8 /* Debug */,
				FB7EE94526C5E89900C919B8 /* Release */,
			);
			defaultConfigurationIsVisible = 0;
			defaultConfigurationName = Release;
		};
/* End XCConfigurationList section */
	};
	rootObject = FB7EE90B26C5E89500C919B8 /* Project object */;
}
